
Microsoft Visual Studio Solution File, Format Version 12.00
# Visual Studio Version 17
VisualStudioVersion = 17.5.002.0
MinimumVisualStudioVersion = 10.0.40219.1
Project("{9A19103F-16F7-4668-BE54-9A1E7A4F7556}") = "MyFirstWasiApp", "MyFirstWasiApp\MyFirstWasiApp.csproj", "{1DCB8461-86DC-4312-9A4E-9A14E597E56A}"
EndProject
Global
	GlobalSection(SolutionConfigurationPlatforms) = preSolution
		Debug|Any CPU = Debug|Any CPU
		Release|Any CPU = Release|Any CPU
	EndGlobalSection
	GlobalSection(ProjectConfigurationPlatforms) = postSolution
		{1DCB8461-86DC-4312-9A4E-9A14E597E56A}.Debug|Any CPU.ActiveCfg = Debug|Any CPU
		{1DCB8461-86DC-4312-9A4E-9A14E597E56A}.Debug|Any CPU.Build.0 = Debug|Any CPU
		{1DCB8461-86DC-4312-9A4E-9A14E597E56A}.Release|Any CPU.ActiveCfg = Release|Any CPU
		{1DCB8461-86DC-4312-9A4E-9A14E597E56A}.Release|Any CPU.Build.0 = Release|Any CPU
	EndGlobalSection
	GlobalSection(SolutionProperties) = preSolution
		HideSolutionNode = FALSE
	EndGlobalSection
	GlobalSection(ExtensibilityGlobals) = postSolution
		SolutionGuid = {31612A3B-DE51-426C-B199-06AE1AA39CE3}
	EndGlobalSection
EndGlobal
